Microsoft Visual Studio Solution File, Format Version 11.00
# Visual Studio 2008

Project("{8B7C52F5-8907-BF75-9485-B8CFF83A748F}") = "Pipe_App_Unity", "Assembly-CSharp-vs.csproj", "{BB5CE5CD-CBC7-BFA8-F3F7-B45AD672E6AE}"
EndProject
Global
	GlobalSection(SolutionConfigurationPlatforms) = preSolution
		Debug|Any CPU = Debug|Any CPU
		Release|Any CPU = Release|Any CPU
	EndGlobalSection
	GlobalSection(ProjectConfigurationPlatforms) = postSolution
		{BB5CE5CD-CBC7-BFA8-F3F7-B45AD672E6AE}.Debug|Any CPU.ActiveCfg = Debug|Any CPU
		{BB5CE5CD-CBC7-BFA8-F3F7-B45AD672E6AE}.Debug|Any CPU.Build.0 = Debug|Any CPU
		{BB5CE5CD-CBC7-BFA8-F3F7-B45AD672E6AE}.Release|Any CPU.ActiveCfg = Release|Any CPU
		{BB5CE5CD-CBC7-BFA8-F3F7-B45AD672E6AE}.Release|Any CPU.Build.0 = Release|Any CPU
	EndGlobalSection
	GlobalSection(SolutionProperties) = preSolution
		HideSolutionNode = FALSE
	EndGlobalSection
																																GlobalSection(MonoDevelopProperties) = preSolution
		StartupItem = Assembly-CSharp.csproj
		Policies = $0
		$0.TextStylePolicy = $1
		$1.inheritsSet = null
		$1.scope = text/x-csharp
		$0.CSharpFormattingPolicy = $2
		$2.inheritsSet = Mono
		$2.inheritsScope = text/x-csharp
		$2.scope = text/x-csharp
		$0.TextStylePolicy = $3
		$3.FileWidth = 120
		$3.TabWidth = 4
		$3.EolMarker = Unix
		$3.inheritsSet = Mono
		$3.inheritsScope = text/plain
		$3.scope = text/plain
	EndGlobalSection

EndGlobal
